version = 1
revision = 3
requires-python = ">=3.8, <4"

[[package]]
name = "ansicon"
version = "1.89.0"
source = { registry = "https://pypi.org/simple" }
sdist = { url = "https://files.pythonhosted.org/packages/b6/e2/1c866404ddbd280efedff4a9f15abfe943cb83cde6e895022370f3a61f85/ansicon-1.89.0.tar.gz", hash = "sha256:e4d039def5768a47e4afec8e89e83ec3ae5a26bf00ad851f914d1240b444d2b1", size = 67312, upload-time = "2019-04-29T20:23:57.314Z" }
wheels = [
    { url = "https://files.pythonhosted.org/packages/75/f9/f1c10e223c7b56a38109a3f2eb4e7fe9a757ea3ed3a166754fb30f65e466/ansicon-1.89.0-py2.py3-none-any.whl", hash = "sha256:f1def52d17f65c2c9682cf8370c03f541f410c1752d6a14029f97318e4b9dfec", size = 63675, upload-time = "2019-04-29T20:23:53.83Z" },
]

[[package]]
name = "blessed"
version = "1.39.0"
source = { registry = "https://pypi.org/simple" }
dependencies = [
    { name = "jinxed", marker = "sys_platform == 'win32'" },
    { name = "wcwidth" },
]
sdist = { url = "https://files.pythonhosted.org/packages/94/ca/47457ccbfeac62002079ebc47509e1eccd5c8ec764c78975c7afd81c6b4a/blessed-1.39.0.tar.gz", hash = "sha256:b04fc7141a20a3b2ade6cad741051f1e3ac59cc1e7e90915ed1f9e521332bea4", size = 14011417, upload-time = "2026-05-04T17:50:02.55Z" }
wheels = [
    { url = "https://files.pythonhosted.org/packages/5a/9f/e4d4ff45bc63d22fa63c9fc3835c480e3ec6b71009d6338cb603394ef540/blessed-1.39.0-py3-none-any.whl", hash = "sha256:666e7e3fd0a4e38c3a262eaaf1e22a4ce2c81337aa17593c3f60ea136ec24fe1", size = 124254, upload-time = "2026-05-04T17:49:59.976Z" },
]

[[package]]
name = "colorama"
version = "0.4.6"
source = { registry = "https://pypi.org/simple" }
sdist = { url = "https://files.pythonhosted.org/packages/d8/53/6f443c9a4a8358a93a6792e2acffb9d9d5cb0a5cfd8802644b7b1c9a02e4/colorama-0.4.6.tar.gz", hash = "sha256:08695f5cb7ed6e0531a20572697297273c47b8cae5a63ffc6d6ed5c201be6e44", size = 27697, upload-time = "2022-10-25T02:36:22.414Z" }
wheels = [
    { url = "https://files.pythonhosted.org/packages/d1/d6/3965ed04c63042e047cb6a3e6ed1a63a35087b6a609aa3a15ed8ac56c221/colorama-0.4.6-py2.py3-none-any.whl", hash = "sha256:4f1d9991f5acc0ca119f9d443620b77f9d6b33703e51011c16baf57afb285fc6", size = 25335, upload-time = "2022-10-25T02:36:20.889Z" },
]

[[package]]
name = "find-project-root"
version = "2.2.0"
source = { editable = "." }
dependencies = [
    { name = "colorama", marker = "sys_platform == 'win32'" },
    { name = "is-unicode-supported" },
    { name = "json5" },
    { name = "non-latin-locales" },
    { name = "project-markers" },
    { name = "sys-lang" },
]

[package.metadata]
requires-dist = [
    { name = "colorama", marker = "sys_platform == 'win32'", specifier = ">=0.4.6,<1" },
    { name = "is-unicode-supported", specifier = ">=1.2.1,<2" },
    { name = "json5", specifier = ">=0.14.0,<1" },
    { name = "non-latin-locales", specifier = ">=1.0.5,<2" },
    { name = "project-markers", specifier = ">=1.1.0,<2" },
    { name = "sys-lang", specifier = ">=1.0.1,<2" },
]

[[package]]
name = "is-legacy-terminal"
version = "1.1.1"
source = { registry = "https://pypi.org/simple" }
dependencies = [
    { name = "colorama", marker = "sys_platform == 'win32'" },
    { name = "is-unicode-supported" },
    { name = "json5" },
    { name = "non-latin-locales" },
    { name = "sys-lang" },
]
sdist = { url = "https://files.pythonhosted.org/packages/57/78/db7c4b37922956bb66015c023ddd61f1eab2e894a1eebc5697355a9716ed/is_legacy_terminal-1.1.1.tar.gz", hash = "sha256:f00cfaff0ef5ca81cb09829b717b2598f8abfa0c840b3b31a5e47cd0076c540b", size = 16704, upload-time = "2026-04-12T04:12:39.679Z" }
wheels = [
    { url = "https://files.pythonhosted.org/packages/6f/cf/5d8fdd6c9d03b8d394e9f21953213b8cbae76bbb5739a4d84e35e2d2e05a/is_legacy_terminal-1.1.1-py3-none-any.whl", hash = "sha256:4bbfc9c42cd45698ff2ab8b157c5c8709c5e01395fb9ca99d84c2a989f11582b", size = 18937, upload-time = "2026-04-12T04:12:38.627Z" },
]

[[package]]
name = "is-unicode-supported"
version = "1.2.1"
source = { registry = "https://pypi.org/simple" }
dependencies = [
    { name = "blessed" },
    { name = "colorama", marker = "sys_platform == 'win32'" },
    { name = "is-legacy-terminal" },
    { name = "json5" },
    { name = "non-latin-locales" },
    { name = "sys-lang" },
]
sdist = { url = "https://files.pythonhosted.org/packages/a6/8a/ace3d0fbfe9642da1281f748d5aff7d8d66752f67bb4cc8dc63b7e3f8fa1/is_unicode_supported-1.2.1.tar.gz", hash = "sha256:a7ffdf5a0b73ca9a7159a5aca35c284ce071cfa227432b14c418e97366c49d0a", size = 17067, upload-time = "2026-04-12T04:14:34.636Z" }
wheels = [
    { url = "https://files.pythonhosted.org/packages/0d/70/a00b30e6780d0d9ea0b0fdc4e72cb5256d5bb82ed74e25fc5645162f61ce/is_unicode_supported-1.2.1-py3-none-any.whl", hash = "sha256:dcfde68953a2bbb1d243fc94d853a82cf21454e71ce43c9695cabb55a2020e38", size = 19266, upload-time = "2026-04-12T04:14:33.245Z" },
]

[[package]]
name = "jinxed"
version = "1.4.0"
source = { registry = "https://pypi.org/simple" }
dependencies = [
    { name = "ansicon", marker = "sys_platform == 'win32'" },
]
sdist = { url = "https://files.pythonhosted.org/packages/3c/e9/96633f12b6829eb1e91e70e5846704c0b1293ec47bd65a7b681e19c8eeff/jinxed-1.4.0.tar.gz", hash = "sha256:8f7801a10799de39e509eb5abc6d131ee169c1ce4fd5d568aa85b5f56ed58068", size = 37169, upload-time = "2026-03-26T01:49:38.337Z" }
wheels = [
    { url = "https://files.pythonhosted.org/packages/71/b7/9ab2b79bcbcc53cf8772a19d26713dd9574d4d81ee4fea29678d8cadcec7/jinxed-1.4.0-py2.py3-none-any.whl", hash = "sha256:95876a8b270081b8e28a9bbcbabe4fa98327faa91102526f724ed1904f9a55ac", size = 34522, upload-time = "2026-03-26T01:49:36.762Z" },
]

[[package]]
name = "json5"
version = "0.14.0"
source = { registry = "https://pypi.org/simple" }
sdist = { url = "https://files.pythonhosted.org/packages/9c/4b/6f8906aaf67d501e259b0adab4d312945bb7211e8b8d4dcc77c92320edaa/json5-0.14.0.tar.gz", hash = "sha256:b3f492fad9f6cdbced8b7d40b28b9b1c9701c5f561bef0d33b81c2ff433fefcb", size = 52656, upload-time = "2026-03-27T22:50:48.108Z" }
wheels = [
    { url = "https://files.pythonhosted.org/packages/b8/42/cf027b4ac873b076189d935b135397675dac80cb29acb13e1ab86ad6c631/json5-0.14.0-py3-none-any.whl", hash = "sha256:56cf861bab076b1178eb8c92e1311d273a9b9acea2ccc82c276abf839ebaef3a", size = 36271, upload-time = "2026-03-27T22:50:47.073Z" },
]

[[package]]
name = "non-latin-locales"
version = "1.0.5"
source = { registry = "https://pypi.org/simple" }
sdist = { url = "https://files.pythonhosted.org/packages/e3/20/8fad987505347f9605987ab6f2139775e42d3cab7f8e76958fa18e282ccb/non_latin_locales-1.0.5.tar.gz", hash = "sha256:8e1497a30e5f438959322a8dcbc75aaeb29923ddf96b0d71051ec7aba709e984", size = 5214, upload-time = "2026-04-12T04:18:39.97Z" }
wheels = [
    { url = "https://files.pythonhosted.org/packages/7f/3c/0fab4ccbbf68a1eb915995ff7a097d60bcaa7f51472e26578d2254f0f2d2/non_latin_locales-1.0.5-py2.py3-none-any.whl", hash = "sha256:c7cdda052000be4fe0243ce3137872ba66d865771e50cac7be5c1d476ce37cb6", size = 4688, upload-time = "2026-04-12T04:18:38.732Z" },
]

[[package]]
name = "project-markers"
version = "1.1.0"
source = { registry = "https://pypi.org/simple" }
sdist = { url = "https://files.pythonhosted.org/packages/02/9f/8f09398633381b254fc2458e7d5a2dbe1096e1278be5f182c292902c544f/project_markers-1.1.0.tar.gz", hash = "sha256:32a787bfff09312b3571b38d0a4b2e678093e399f9130ecb02cf0bdd6c888b85", size = 6531, upload-time = "2026-04-28T03:43:47.972Z" }
wheels = [
    { url = "https://files.pythonhosted.org/packages/af/ca/d6d4c30d30942a55b07d05ca570734a5192dcae6b285d5ba82e633540804/project_markers-1.1.0-py2.py3-none-any.whl", hash = "sha256:e81fe1d5ea860d6335cedb59f862ffb092960a5e8fb4677badf0b3683ed03cb9", size = 6229, upload-time = "2026-04-28T03:43:46.564Z" },
]

[[package]]
name = "sys-lang"
version = "1.0.1"
source = { registry = "https://pypi.org/simple" }
dependencies = [
    { name = "colorama", marker = "sys_platform == 'win32'" },
    { name = "is-unicode-supported" },
    { name = "json5" },
    { name = "non-latin-locales" },
]
sdist = { url = "https://files.pythonhosted.org/packages/c5/ae/6bbf6c155e972cf5e141072884609cc4fae364f1eddb660b3af8dd228151/sys_lang-1.0.1.tar.gz", hash = "sha256:26d18c1a1f152b9da5ead8e6bf374e0e1959a253ea8b7adbad9c14b2b2b8a4b5", size = 16532, upload-time = "2026-04-12T04:38:37.064Z" }
wheels = [
    { url = "https://files.pythonhosted.org/packages/99/94/2c991a967a25f0433d8e789427677851e38abc665929800611ae4fc8f471/sys_lang-1.0.1-py3-none-any.whl", hash = "sha256:429794ff82f4a5edcdf71e6d1b5cba5806f8c9c8fddc42ca87a932881973dfb7", size = 18420, upload-time = "2026-04-12T04:38:36.049Z" },
]

[[package]]
name = "wcwidth"
version = "0.7.0"
source = { registry = "https://pypi.org/simple" }
sdist = { url = "https://files.pythonhosted.org/packages/2c/ee/afaf0f85a9a18fe47a67f1e4422ed6cf1fe642f0ae0a2f81166231303c52/wcwidth-0.7.0.tar.gz", hash = "sha256:90e3a7ea092341c44b99562e75d09e4d5160fe7a3974c6fb842a101a95e7eed0", size = 182132, upload-time = "2026-05-02T16:04:12.653Z" }
wheels = [
    { url = "https://files.pythonhosted.org/packages/41/52/e465037f5375f43533d1a80b6923955201596a99142ed524d77b571a1418/wcwidth-0.7.0-py3-none-any.whl", hash = "sha256:5d69154c429a82910e241c738cd0e2976fac8a2dd47a1a805f4afed1c0f136f2", size = 110825, upload-time = "2026-05-02T16:04:11.033Z" },
]
